{
  "name": "json-case",
  "version": "1.0.0",
  "lockfileVersion": 3,
  "requires": true,
  "packages": {
    "": {
      "name": "json-case",
      "version": "1.0.0",
      "license": "MIT",
      "dependencies": {
        "json_": "^3.0.1",
        "typescript": "^5.2.2",
        "yaml": "^2.3.1"
      },
      "bin": {
        "json-case": "dist/cli.js"
      },
      "devDependencies": {
        "@types/node": "^20.5.6"
      }
    },
    "node_modules/@types/node": {
      "version": "20.5.6",
      "resolved": "https://registry.npmjs.org/@types/node/-/node-20.5.6.tgz",
      "integrity": "sha512-Gi5wRGPbbyOTX+4Y2iULQ27oUPrefaB0PxGQJnfyWN3kvEDGM3mIB5M/gQLmitZf7A9FmLeaqxD3L1CXpm3VKQ==",
      "dev": true
    },
    "node_modules/json_": {
      "version": "3.0.1",
      "resolved": "https://registry.npmjs.org/json_/-/json_-3.0.1.tgz",
      "integrity": "sha512-YXvLgUhH9MPRzGcjhk4ocpKfhdoig+Ntf0XTluVtoyi6IV0Qaip2PaP/gKOrP68lgjlBQ/Db0/AJ5R0cKfY2Cw==",
      "engines": {
        "node": ">=14"
      }
    },
    "node_modules/typescript": {
      "version": "5.2.2",
      "resolved": "https://registry.npmjs.org/typescript/-/typescript-5.2.2.tgz",
      "integrity": "sha512-mI4WrpHsbCIcwT9cF4FZvr80QUeKvsUsUvKDoR+X/7XHQH98xYD8YHZg7ANtz2GtZt/CBq2QJ0thkGJMHfqc1w==",
      "bin": {
        "tsc": "bin/tsc",
        "tsserver": "bin/tsserver"
      },
      "engines": {
        "node": ">=14.17"
      }
    },
    "node_modules/yaml": {
      "version": "2.3.1",
      "resolved": "https://registry.npmjs.org/yaml/-/yaml-2.3.1.tgz",
      "integrity": "sha512-2eHWfjaoXgTBC2jNM1LRef62VQa0umtvRiDSk6HSzW7RvS5YtkabJrwYLLEKWBc8a5U2PTSCs+dJjUTJdlHsWQ==",
      "engines": {
        "node": ">= 14"
      }
    }
  }
}
